
Microsoft Visual Studio Solution File, Format Version 12.00
# Visual Studio Version 17
VisualStudioVersion = 17.7.34031.279
MinimumVisualStudioVersion = 10.0.40219.1
Project("{8BC9CEB8-8B4A-11D0-8D11-00A0C91BC942}") = "BFS", "BFS\BFS.vcxproj", "{D88B47E4-08F3-4458-9807-37C3B3B348F2}"
EndProject
Global
	GlobalSection(SolutionConfigurationPlatforms) = preSolution
		Debug|x64 = Debug|x64
		Debug|x86 = Debug|x86
		Release|x64 = Release|x64
		Release|x86 = Release|x86
	EndGlobalSection
	GlobalSection(ProjectConfigurationPlatforms) = postSolution
		{D88B47E4-08F3-4458-9807-37C3B3B348F2}.Debug|x64.ActiveCfg = Debug|x64
		{D88B47E4-08F3-4458-9807-37C3B3B348F2}.Debug|x64.Build.0 = Debug|x64
		{D88B47E4-08F3-4458-9807-37C3B3B348F2}.Debug|x86.ActiveCfg = Debug|Win32
		{D88B47E4-08F3-4458-9807-37C3B3B348F2}.Debug|x86.Build.0 = Debug|Win32
		{D88B47E4-08F3-4458-9807-37C3B3B348F2}.Release|x64.ActiveCfg = Release|x64
		{D88B47E4-08F3-4458-9807-37C3B3B348F2}.Release|x64.Build.0 = Release|x64
		{D88B47E4-08F3-4458-9807-37C3B3B348F2}.Release|x86.ActiveCfg = Release|Win32
		{D88B47E4-08F3-4458-9807-37C3B3B348F2}.Release|x86.Build.0 = Release|Win32
	EndGlobalSection
	GlobalSection(SolutionProperties) = preSolution
		HideSolutionNode = FALSE
	EndGlobalSection
	GlobalSection(ExtensibilityGlobals) = postSolution
		SolutionGuid = {81F8BE69-071C-41F8-A6E7-E9E74C967883}
	EndGlobalSection
EndGlobal
