
Microsoft Visual Studio Solution File, Format Version 12.00
# Visual Studio Version 17
VisualStudioVersion = 17.7.34031.279
MinimumVisualStudioVersion = 10.0.40219.1
Project("{8BC9CEB8-8B4A-11D0-8D11-00A0C91BC942}") = "heap sort", "heap sort\heap sort.vcxproj", "{5112B53E-055C-4D62-ADE5-FFE6557701AC}"
EndProject
Global
	GlobalSection(SolutionConfigurationPlatforms) = preSolution
		Debug|x64 = Debug|x64
		Debug|x86 = Debug|x86
		Release|x64 = Release|x64
		Release|x86 = Release|x86
	EndGlobalSection
	GlobalSection(ProjectConfigurationPlatforms) = postSolution
		{5112B53E-055C-4D62-ADE5-FFE6557701AC}.Debug|x64.ActiveCfg = Debug|x64
		{5112B53E-055C-4D62-ADE5-FFE6557701AC}.Debug|x64.Build.0 = Debug|x64
		{5112B53E-055C-4D62-ADE5-FFE6557701AC}.Debug|x86.ActiveCfg = Debug|Win32
		{5112B53E-055C-4D62-ADE5-FFE6557701AC}.Debug|x86.Build.0 = Debug|Win32
		{5112B53E-055C-4D62-ADE5-FFE6557701AC}.Release|x64.ActiveCfg = Release|x64
		{5112B53E-055C-4D62-ADE5-FFE6557701AC}.Release|x64.Build.0 = Release|x64
		{5112B53E-055C-4D62-ADE5-FFE6557701AC}.Release|x86.ActiveCfg = Release|Win32
		{5112B53E-055C-4D62-ADE5-FFE6557701AC}.Release|x86.Build.0 = Release|Win32
	EndGlobalSection
	GlobalSection(SolutionProperties) = preSolution
		HideSolutionNode = FALSE
	EndGlobalSection
	GlobalSection(ExtensibilityGlobals) = postSolution
		SolutionGuid = {EC05F341-A330-4A1D-874F-E98FD2A12857}
	EndGlobalSection
EndGlobal
