
Microsoft Visual Studio Solution File, Format Version 12.00
# Visual Studio Version 17
VisualStudioVersion = 17.7.34031.279
MinimumVisualStudioVersion = 10.0.40219.1
Project("{8BC9CEB8-8B4A-11D0-8D11-00A0C91BC942}") = "qick sort", "qick sort\qick sort.vcxproj", "{DD6D70B4-D20C-4EDB-9AA9-6FA99BC2728D}"
EndProject
Global
	GlobalSection(SolutionConfigurationPlatforms) = preSolution
		Debug|x64 = Debug|x64
		Debug|x86 = Debug|x86
		Release|x64 = Release|x64
		Release|x86 = Release|x86
	EndGlobalSection
	GlobalSection(ProjectConfigurationPlatforms) = postSolution
		{DD6D70B4-D20C-4EDB-9AA9-6FA99BC2728D}.Debug|x64.ActiveCfg = Debug|x64
		{DD6D70B4-D20C-4EDB-9AA9-6FA99BC2728D}.Debug|x64.Build.0 = Debug|x64
		{DD6D70B4-D20C-4EDB-9AA9-6FA99BC2728D}.Debug|x86.ActiveCfg = Debug|Win32
		{DD6D70B4-D20C-4EDB-9AA9-6FA99BC2728D}.Debug|x86.Build.0 = Debug|Win32
		{DD6D70B4-D20C-4EDB-9AA9-6FA99BC2728D}.Release|x64.ActiveCfg = Release|x64
		{DD6D70B4-D20C-4EDB-9AA9-6FA99BC2728D}.Release|x64.Build.0 = Release|x64
		{DD6D70B4-D20C-4EDB-9AA9-6FA99BC2728D}.Release|x86.ActiveCfg = Release|Win32
		{DD6D70B4-D20C-4EDB-9AA9-6FA99BC2728D}.Release|x86.Build.0 = Release|Win32
	EndGlobalSection
	GlobalSection(SolutionProperties) = preSolution
		HideSolutionNode = FALSE
	EndGlobalSection
	GlobalSection(ExtensibilityGlobals) = postSolution
		SolutionGuid = {D2ED9175-4AE1-4957-B8E7-679228D6ABE6}
	EndGlobalSection
EndGlobal
